{
  "name": "bms2json",
  "version": "1.0.0",
  "lockfileVersion": 1,
  "requires": true,
  "dependencies": {
    "bemuse-chardet": {
      "version": "0.0.8",
      "resolved": "https://registry.npmjs.org/bemuse-chardet/-/bemuse-chardet-0.0.8.tgz",
      "integrity": "sha1-UzIsS1hWR0KgRePDjCmgvrCFHCs="
    },
    "data-structure": {
      "version": "1.2.0",
      "resolved": "https://registry.npmjs.org/data-structure/-/data-structure-1.2.0.tgz",
      "integrity": "sha1-Q3eVxWgxIw2qibI+cfjnAL6FuEA="
    },
    "iconv-lite": {
      "version": "0.4.24",
      "resolved": "https://registry.npmjs.org/iconv-lite/-/iconv-lite-0.4.24.tgz",
      "integrity": "sha512-v3MXnZAcvnywkTUEZomIActle7RXXeedOR31wwl7VlyoXO4Qi9arvSenNQWne1TcRwhCL1HwLI21bEqdpj8/rA==",
      "requires": {
        "safer-buffer": ">= 2.1.2 < 3"
      }
    },
    "invariant": {
      "version": "2.2.4",
      "resolved": "https://registry.npmjs.org/invariant/-/invariant-2.2.4.tgz",
      "integrity": "sha512-phJfQVBuaJM5raOpJjSfkiD6BpbCE4Ns//LaXl6wGYtUBY83nWS6Rf9tXm2e8VaK60JEjYldbPif/A2B1C2gNA==",
      "requires": {
        "loose-envify": "^1.0.0"
      }
    },
    "js-tokens": {
      "version": "4.0.0",
      "resolved": "https://registry.npmjs.org/js-tokens/-/js-tokens-4.0.0.tgz",
      "integrity": "sha512-RdJUflcE3cUzKiMqQgsCu06FPu9UdIJO0beYbPhHN4k6apgJtifcoCtT9bcxOpYBtpD2kCM6Sbzg4CausW/PKQ=="
    },
    "lodash._arraymap": {
      "version": "3.0.0",
      "resolved": "https://registry.npmjs.org/lodash._arraymap/-/lodash._arraymap-3.0.0.tgz",
      "integrity": "sha1-Go/Q9MDfS2HeoHbXF83Jfwo8PmY="
    },
    "lodash._baseassign": {
      "version": "3.2.0",
      "resolved": "https://registry.npmjs.org/lodash._baseassign/-/lodash._baseassign-3.2.0.tgz",
      "integrity": "sha1-jDigmVAPIVrQnlnxci/QxSv+Ck4=",
      "requires": {
        "lodash._basecopy": "^3.0.0",
        "lodash.keys": "^3.0.0"
      }
    },
    "lodash._basecallback": {
      "version": "3.3.1",
      "resolved": "https://registry.npmjs.org/lodash._basecallback/-/lodash._basecallback-3.3.1.tgz",
      "integrity": "sha1-t7K7Q9whYEJKIczybFfkQ3cqjic=",
      "requires": {
        "lodash._baseisequal": "^3.0.0",
        "lodash._bindcallback": "^3.0.0",
        "lodash.isarray": "^3.0.0",
        "lodash.pairs": "^3.0.0"
      }
    },
    "lodash._basecopy": {
      "version": "3.0.1",
      "resolved": "https://registry.npmjs.org/lodash._basecopy/-/lodash._basecopy-3.0.1.tgz",
      "integrity": "sha1-jaDmqHbPNEwK2KVIghEd08XHyjY="
    },
    "lodash._baseeach": {
      "version": "3.0.4",
      "resolved": "https://registry.npmjs.org/lodash._baseeach/-/lodash._baseeach-3.0.4.tgz",
      "integrity": "sha1-z4cGVyyhROjZ11InyZDamC+TKvM=",
      "requires": {
        "lodash.keys": "^3.0.0"
      }
    },
    "lodash._baseget": {
      "version": "3.7.2",
      "resolved": "https://registry.npmjs.org/lodash._baseget/-/lodash._baseget-3.7.2.tgz",
      "integrity": "sha1-G2rh1frPPCVTI1ChPBGXy4u2dPQ="
    },
    "lodash._baseindexof": {
      "version": "3.1.0",
      "resolved": "https://registry.npmjs.org/lodash._baseindexof/-/lodash._baseindexof-3.1.0.tgz",
      "integrity": "sha1-/lK1OhxnYeQmGNZU5KJXie1hgiw="
    },
    "lodash._baseisequal": {
      "version": "3.0.7",
      "resolved": "https://registry.npmjs.org/lodash._baseisequal/-/lodash._baseisequal-3.0.7.tgz",
      "integrity": "sha1-2AJfdjOdKTQnZ9zIh85cuVpbUfE=",
      "requires": {
        "lodash.isarray": "^3.0.0",
        "lodash.istypedarray": "^3.0.0",
        "lodash.keys": "^3.0.0"
      }
    },
    "lodash._baseuniq": {
      "version": "3.0.3",
      "resolved": "https://registry.npmjs.org/lodash._baseuniq/-/lodash._baseuniq-3.0.3.tgz",
      "integrity": "sha1-ISP6DbLWnCjVvrHB821hUip0AjQ=",
      "requires": {
        "lodash._baseindexof": "^3.0.0",
        "lodash._cacheindexof": "^3.0.0",
        "lodash._createcache": "^3.0.0"
      }
    },
    "lodash._basevalues": {
      "version": "3.0.0",
      "resolved": "https://registry.npmjs.org/lodash._basevalues/-/lodash._basevalues-3.0.0.tgz",
      "integrity": "sha1-W3dXYoAr3j0yl1A+JjAIIP32Ybc="
    },
    "lodash._bindcallback": {
      "version": "3.0.1",
      "resolved": "https://registry.npmjs.org/lodash._bindcallback/-/lodash._bindcallback-3.0.1.tgz",
      "integrity": "sha1-5THCdkTPi1epnhftlbNcdIeJOS4="
    },
    "lodash._cacheindexof": {
      "version": "3.0.2",
      "resolved": "https://registry.npmjs.org/lodash._cacheindexof/-/lodash._cacheindexof-3.0.2.tgz",
      "integrity": "sha1-PcaayCSY0u5ePOVgkbr9Ktx73pI="
    },
    "lodash._createassigner": {
      "version": "3.1.1",
      "resolved": "https://registry.npmjs.org/lodash._createassigner/-/lodash._createassigner-3.1.1.tgz",
      "integrity": "sha1-g4pbri/aymOsIt7o4Z+k5taXCxE=",
      "requires": {
        "lodash._bindcallback": "^3.0.0",
        "lodash._isiterateecall": "^3.0.0",
        "lodash.restparam": "^3.0.0"
      }
    },
    "lodash._createcache": {
      "version": "3.1.2",
      "resolved": "https://registry.npmjs.org/lodash._createcache/-/lodash._createcache-3.1.2.tgz",
      "integrity": "sha1-VtagZAF2JeeevKa4AY4XRAvc8JM=",
      "requires": {
        "lodash._getnative": "^3.0.0"
      }
    },
    "lodash._getnative": {
      "version": "3.9.1",
      "resolved": "https://registry.npmjs.org/lodash._getnative/-/lodash._getnative-3.9.1.tgz",
      "integrity": "sha1-VwvH3t5G1hzc3mh9ZdPuy6o6r/U="
    },
    "lodash._isiterateecall": {
      "version": "3.0.9",
      "resolved": "https://registry.npmjs.org/lodash._isiterateecall/-/lodash._isiterateecall-3.0.9.tgz",
      "integrity": "sha1-UgOte6Ql+uhCRg5pbbnPPmqsBXw="
    },
    "lodash._topath": {
      "version": "3.8.1",
      "resolved": "https://registry.npmjs.org/lodash._topath/-/lodash._topath-3.8.1.tgz",
      "integrity": "sha1-PsXiYGAU9MuX91X+aRTt2L/ADqw=",
      "requires": {
        "lodash.isarray": "^3.0.0"
      }
    },
    "lodash.assign": {
      "version": "3.2.0",
      "resolved": "https://registry.npmjs.org/lodash.assign/-/lodash.assign-3.2.0.tgz",
      "integrity": "sha1-POnwI0tLIiPilrj6CsH+6OvKZPo=",
      "requires": {
        "lodash._baseassign": "^3.0.0",
        "lodash._createassigner": "^3.0.0",
        "lodash.keys": "^3.0.0"
      }
    },
    "lodash.isarguments": {
      "version": "3.1.0",
      "resolved": "https://registry.npmjs.org/lodash.isarguments/-/lodash.isarguments-3.1.0.tgz",
      "integrity": "sha1-L1c9hcaiQon/AGY7SRwdM4/zRYo="
    },
    "lodash.isarray": {
      "version": "3.0.4",
      "resolved": "https://registry.npmjs.org/lodash.isarray/-/lodash.isarray-3.0.4.tgz",
      "integrity": "sha1-eeTriMNqgSKvhvhEqpvNhRtfu1U="
    },
    "lodash.istypedarray": {
      "version": "3.0.6",
      "resolved": "https://registry.npmjs.org/lodash.istypedarray/-/lodash.istypedarray-3.0.6.tgz",
      "integrity": "sha1-yaR3SYYHUB2OhJTSg7h8OSgc72I="
    },
    "lodash.keys": {
      "version": "3.1.2",
      "resolved": "https://registry.npmjs.org/lodash.keys/-/lodash.keys-3.1.2.tgz",
      "integrity": "sha1-TbwEcrFWvlCgsoaFXRvQsMZWCYo=",
      "requires": {
        "lodash._getnative": "^3.0.0",
        "lodash.isarguments": "^3.0.0",
        "lodash.isarray": "^3.0.0"
      }
    },
    "lodash.map": {
      "version": "3.1.4",
      "resolved": "https://registry.npmjs.org/lodash.map/-/lodash.map-3.1.4.tgz",
      "integrity": "sha1-tIOs0beGxce0ksSV97UmYim8AMI=",
      "requires": {
        "lodash._arraymap": "^3.0.0",
        "lodash._basecallback": "^3.0.0",
        "lodash._baseeach": "^3.0.0",
        "lodash.isarray": "^3.0.0",
        "lodash.keys": "^3.0.0"
      }
    },
    "lodash.pairs": {
      "version": "3.0.1",
      "resolved": "https://registry.npmjs.org/lodash.pairs/-/lodash.pairs-3.0.1.tgz",
      "integrity": "sha1-u+CNV4bu6qCaFckevw3LfSvjJqk=",
      "requires": {
        "lodash.keys": "^3.0.0"
      }
    },
    "lodash.pluck": {
      "version": "3.1.2",
      "resolved": "https://registry.npmjs.org/lodash.pluck/-/lodash.pluck-3.1.2.tgz",
      "integrity": "sha1-s0fwN0wBafDusE1nLYnOyGMsIjE=",
      "requires": {
        "lodash._baseget": "^3.0.0",
        "lodash._topath": "^3.0.0",
        "lodash.isarray": "^3.0.0",
        "lodash.map": "^3.0.0"
      }
    },
    "lodash.restparam": {
      "version": "3.6.1",
      "resolved": "https://registry.npmjs.org/lodash.restparam/-/lodash.restparam-3.6.1.tgz",
      "integrity": "sha1-k2pOMJ7zMKdkXtQUWYbIWuWyCAU="
    },
    "lodash.uniq": {
      "version": "3.2.2",
      "resolved": "https://registry.npmjs.org/lodash.uniq/-/lodash.uniq-3.2.2.tgz",
      "integrity": "sha1-FGw28l510ZUBukAuiLoUk39jzYs=",
      "requires": {
        "lodash._basecallback": "^3.0.0",
        "lodash._baseuniq": "^3.0.0",
        "lodash._getnative": "^3.0.0",
        "lodash._isiterateecall": "^3.0.0",
        "lodash.isarray": "^3.0.0"
      }
    },
    "lodash.values": {
      "version": "3.0.0",
      "resolved": "https://registry.npmjs.org/lodash.values/-/lodash.values-3.0.0.tgz",
      "integrity": "sha1-DO8I/noAd3Dbu0BOMZ/LSXddZlk=",
      "requires": {
        "lodash._basevalues": "^3.0.0",
        "lodash.keys": "^3.0.0"
      }
    },
    "loose-envify": {
      "version": "1.4.0",
      "resolved": "https://registry.npmjs.org/loose-envify/-/loose-envify-1.4.0.tgz",
      "integrity": "sha512-lyuxPGr/Wfhrlem2CL/UcnUc1zcqKAImBDzukY7Y5F/yQiNdko6+fRLevlw1HgMySw7f611UIY408EtxRSoK3Q==",
      "requires": {
        "js-tokens": "^3.0.0 || ^4.0.0"
      }
    },
    "safer-buffer": {
      "version": "2.1.2",
      "resolved": "https://registry.npmjs.org/safer-buffer/-/safer-buffer-2.1.2.tgz",
      "integrity": "sha512-YZo3K82SD7Riyi0E1EQPojLz7kpepnSQI9IyPbHHg1XXXevb5dJI7tpyN2ADxGcQbHG7vcyRHk0cbwqcQriUtg=="
    }
  }
}
